{
  "name": "characterbuild",
  "version": "0.0.1",
  "lockfileVersion": 1,
  "requires": true,
  "dependencies": {
    "promisify-es6": {
      "version": "1.0.3",
      "resolved": "https://registry.npmjs.org/promisify-es6/-/promisify-es6-1.0.3.tgz",
      "integrity": "sha512-N9iVG+CGJsI4b4ZGazjwLnxErD2d9Pe4DPvvXSxYA9tFNu8ymXME4Qs5HIQ0LMJpNM7zj+m0NlNnNeqFpKzqnA=="
    }
  }
}
